
Microsoft Visual Studio Solution File, Format Version 11.00
# Visual Studio 2010
Project("{FAE04EC0-301F-11D3-BF4B-00C04F79EFBC}") = "AuditSchedule", "AuditSchedule\AuditSchedule.csproj", "{44AF5FD1-9BC5-468A-9933-DFEB9463B4EE}"
EndProject
Global
	GlobalSection(SolutionConfigurationPlatforms) = preSolution
		Debug|Any CPU = Debug|Any CPU
		Release|Any CPU = Release|Any CPU
	EndGlobalSection
	GlobalSection(ProjectConfigurationPlatforms) = postSolution
		{44AF5FD1-9BC5-468A-9933-DFEB9463B4EE}.Debug|Any CPU.ActiveCfg = Debug|Any CPU
		{44AF5FD1-9BC5-468A-9933-DFEB9463B4EE}.Debug|Any CPU.Build.0 = Debug|Any CPU
		{44AF5FD1-9BC5-468A-9933-DFEB9463B4EE}.Release|Any CPU.ActiveCfg = Release|Any CPU
		{44AF5FD1-9BC5-468A-9933-DFEB9463B4EE}.Release|Any CPU.Build.0 = Release|Any CPU
	EndGlobalSection
	GlobalSection(SolutionProperties) = preSolution
		HideSolutionNode = FALSE
	EndGlobalSection
EndGlobal
